
Microsoft Visual Studio Solution File, Format Version 12.00
# Visual Studio 14
VisualStudioVersion = 14.0.25123.0
MinimumVisualStudioVersion = 10.0.40219.1
Project("{33C7EA17-D81F-4C67-8039-0EF6E9A47681}") = "Sitecore.Support.124202.127177.135937.149722.152489.156801", "Sitecore.Support.124202.127177.135937.149722.152489.156801\Sitecore.Support.124202.127177.135937.149722.152489.156801.csproj", "{FB185493-8D4A-4A1E-8A15-402F309AC646}"
EndProject
Global
	GlobalSection(SolutionConfigurationPlatforms) = preSolution
		Debug|Any CPU = Debug|Any CPU
		Release|Any CPU = Release|Any CPU
	EndGlobalSection
	GlobalSection(ProjectConfigurationPlatforms) = postSolution
		{FB185493-8D4A-4A1E-8A15-402F309AC646}.Debug|Any CPU.ActiveCfg = Debug|Any CPU
		{FB185493-8D4A-4A1E-8A15-402F309AC646}.Debug|Any CPU.Build.0 = Debug|Any CPU
		{FB185493-8D4A-4A1E-8A15-402F309AC646}.Release|Any CPU.ActiveCfg = Release|Any CPU
		{FB185493-8D4A-4A1E-8A15-402F309AC646}.Release|Any CPU.Build.0 = Release|Any CPU
	EndGlobalSection
	GlobalSection(SolutionProperties) = preSolution
		HideSolutionNode = FALSE
	EndGlobalSection
EndGlobal
